
Microsoft Visual Studio Solution File, Format Version 12.00
# Visual Studio Version 17
VisualStudioVersion = 17.6.33829.357
MinimumVisualStudioVersion = 10.0.40219.1
Project("{9A19103F-16F7-4668-BE54-9A1E7A4F7556}") = "OrderHandler.Server", "OrderHandler\Server\OrderHandler.Server.csproj", "{9EE54E34-E69E-4220-8F48-D044C819F914}"
EndProject
Project("{9A19103F-16F7-4668-BE54-9A1E7A4F7556}") = "OrderHandler.Client", "OrderHandler\Client\OrderHandler.Client.csproj", "{4E00D19A-E0B8-47F7-88A2-3B3DF3DAE6A7}"
EndProject
Project("{9A19103F-16F7-4668-BE54-9A1E7A4F7556}") = "OrderHandler.DomainCommons", "OrderHandler\OrderHandler.DomainCommons\OrderHandler.DomainCommons.csproj", "{839134CC-FC12-4270-9DC1-2E212471F694}"
EndProject
Project("{9A19103F-16F7-4668-BE54-9A1E7A4F7556}") = "OrderHandler.DataAccess", "OrderHandler\OrderHandler.DataAccess\OrderHandler.DataAccess.csproj", "{DC479BBB-8972-41D1-A62D-4F17848A2557}"
EndProject
Project("{9A19103F-16F7-4668-BE54-9A1E7A4F7556}") = "OrderHandler.BusinessLogic", "OrderHandler\OrderHandler.BusinessLogic\OrderHandler.BusinessLogic.csproj", "{74B08E1F-8953-43AE-88A8-92F888CD5F24}"
EndProject
Global
	GlobalSection(SolutionConfigurationPlatforms) = preSolution
		Debug|Any CPU = Debug|Any CPU
		Release|Any CPU = Release|Any CPU
	EndGlobalSection
	GlobalSection(ProjectConfigurationPlatforms) = postSolution
		{9EE54E34-E69E-4220-8F48-D044C819F914}.Debug|Any CPU.ActiveCfg = Debug|Any CPU
		{9EE54E34-E69E-4220-8F48-D044C819F914}.Debug|Any CPU.Build.0 = Debug|Any CPU
		{9EE54E34-E69E-4220-8F48-D044C819F914}.Release|Any CPU.ActiveCfg = Release|Any CPU
		{9EE54E34-E69E-4220-8F48-D044C819F914}.Release|Any CPU.Build.0 = Release|Any CPU
		{4E00D19A-E0B8-47F7-88A2-3B3DF3DAE6A7}.Debug|Any CPU.ActiveCfg = Debug|Any CPU
		{4E00D19A-E0B8-47F7-88A2-3B3DF3DAE6A7}.Debug|Any CPU.Build.0 = Debug|Any CPU
		{4E00D19A-E0B8-47F7-88A2-3B3DF3DAE6A7}.Release|Any CPU.ActiveCfg = Release|Any CPU
		{4E00D19A-E0B8-47F7-88A2-3B3DF3DAE6A7}.Release|Any CPU.Build.0 = Release|Any CPU
		{839134CC-FC12-4270-9DC1-2E212471F694}.Debug|Any CPU.ActiveCfg = Debug|Any CPU
		{839134CC-FC12-4270-9DC1-2E212471F694}.Debug|Any CPU.Build.0 = Debug|Any CPU
		{839134CC-FC12-4270-9DC1-2E212471F694}.Release|Any CPU.ActiveCfg = Release|Any CPU
		{839134CC-FC12-4270-9DC1-2E212471F694}.Release|Any CPU.Build.0 = Release|Any CPU
		{DC479BBB-8972-41D1-A62D-4F17848A2557}.Debug|Any CPU.ActiveCfg = Debug|Any CPU
		{DC479BBB-8972-41D1-A62D-4F17848A2557}.Debug|Any CPU.Build.0 = Debug|Any CPU
		{DC479BBB-8972-41D1-A62D-4F17848A2557}.Release|Any CPU.ActiveCfg = Release|Any CPU
		{DC479BBB-8972-41D1-A62D-4F17848A2557}.Release|Any CPU.Build.0 = Release|Any CPU
		{74B08E1F-8953-43AE-88A8-92F888CD5F24}.Debug|Any CPU.ActiveCfg = Debug|Any CPU
		{74B08E1F-8953-43AE-88A8-92F888CD5F24}.Debug|Any CPU.Build.0 = Debug|Any CPU
		{74B08E1F-8953-43AE-88A8-92F888CD5F24}.Release|Any CPU.ActiveCfg = Release|Any CPU
		{74B08E1F-8953-43AE-88A8-92F888CD5F24}.Release|Any CPU.Build.0 = Release|Any CPU
	EndGlobalSection
	GlobalSection(SolutionProperties) = preSolution
		HideSolutionNode = FALSE
	EndGlobalSection
	GlobalSection(ExtensibilityGlobals) = postSolution
		SolutionGuid = {40236940-047B-4CFF-A181-BFF2105B239E}
	EndGlobalSection
EndGlobal
